{
  "pins" : [
    {
      "identity" : "codextended",
      "kind" : "remoteSourceControl",
      "location" : "https://github.com/johnsundell/codextended.git",
      "state" : {
        "revision" : "8d7c46dfc9c55240870cf5561d6cefa41e3d7105",
        "version" : "0.3.0"
      }
    },
    {
      "identity" : "collectionconcurrencykit",
      "kind" : "remoteSourceControl",
      "location" : "https://github.com/johnsundell/collectionConcurrencyKit.git",
      "state" : {
        "revision" : "b4f23e24b5a1bff301efc5e70871083ca029ff95",
        "version" : "0.2.0"
      }
    },
    {
      "identity" : "darkimagepublishplugin",
      "kind" : "remoteSourceControl",
      "location" : "https://github.com/CoolONEOfficial/DarkImagePublishPlugin.git",
      "state" : {
        "branch" : "patch-1",
        "revision" : "2828ba4f8d1639789df1972c191dac2ef878ed4f"
      }
    },
    {
      "identity" : "files",
      "kind" : "remoteSourceControl",
      "location" : "https://github.com/johnsundell/files.git",
      "state" : {
        "revision" : "e85f2b4a8dfa0f242889f45236f3867d16e40480",
        "version" : "4.3.0"
      }
    },
    {
      "identity" : "ink",
      "kind" : "remoteSourceControl",
      "location" : "https://github.com/johnsundell/ink.git",
      "state" : {
        "revision" : "bcc9f219900a62c4210e6db726035d7f03ae757b",
        "version" : "0.6.0"
      }
    },
    {
      "identity" : "plot",
      "kind" : "remoteSourceControl",
      "location" : "https://github.com/CoolONEOfficial/plot.git",
      "state" : {
        "branch" : "open-graph-fix",
        "revision" : "b5720fe2bc408b4f3726974580b1e8327065b54a"
      }
    },
    {
      "identity" : "publish",
      "kind" : "remoteSourceControl",
      "location" : "https://github.com/CoolONEOfficial/Publish.git",
      "state" : {
        "branch" : "Multi-Language",
        "revision" : "6961707add23f7f3795e62f4aa6eb12be457faeb"
      }
    },
    {
      "identity" : "shellout",
      "kind" : "remoteSourceControl",
      "location" : "https://github.com/johnsundell/shellout.git",
      "state" : {
        "revision" : "e1577acf2b6e90086d01a6d5e2b8efdaae033568",
        "version" : "2.3.0"
      }
    },
    {
      "identity" : "splash",
      "kind" : "remoteSourceControl",
      "location" : "https://github.com/johnsundell/Splash.git",
      "state" : {
        "revision" : "7f4df436eb78fe64fe2c32c58006e9949fa28ad8",
        "version" : "0.16.0"
      }
    },
    {
      "identity" : "splashpublishplugin",
      "kind" : "remoteSourceControl",
      "location" : "https://github.com/johnsundell/SplashPublishPlugin.git",
      "state" : {
        "revision" : "4fe79070f51e288bc8ba31934a3018cbe099d5f7",
        "version" : "0.2.0"
      }
    },
    {
      "identity" : "sweep",
      "kind" : "remoteSourceControl",
      "location" : "https://github.com/johnsundell/sweep.git",
      "state" : {
        "revision" : "801c2878e4c6c5baf32fe132e1f3f3af6f9fd1b0",
        "version" : "0.4.0"
      }
    },
    {
      "identity" : "tinysliderpublishplugin",
      "kind" : "remoteSourceControl",
      "location" : "https://github.com/CoolONEOfficial/TinySliderPublishPlugin.git",
      "state" : {
        "revision" : "a903f080229d9b1b9c30291eb7310ad1599be47d",
        "version" : "0.1.5"
      }
    }
  ],
  "version" : 2
}
