# THIS IS AN AUTOGENERATED FILE. DO NOT EDIT THIS FILE DIRECTLY.
# yarn lockfile v1


bootstrap@^4.5.2:
  version "4.5.2"
  resolved "https://registry.yarnpkg.com/bootstrap/-/bootstrap-4.5.2.tgz#a85c4eda59155f0d71186b6e6ad9b875813779ab"
  integrity sha512-vlGn0bcySYl/iV+BGA544JkkZP5LB3jsmkeKLFQakCOwCM3AOk7VkldBz4jrzSe+Z0Ezn99NVXa1o45cQY4R6A==

tiny-slider@^2.9.3:
  version "2.9.3"
  resolved "https://registry.yarnpkg.com/tiny-slider/-/tiny-slider-2.9.3.tgz#94d8158f704f3192fef1634c0ae6779fb14ea04e"
  integrity sha512-KZY45m+t3fb3Kwlqsic0PIos1lgTNXBEC5N/AhI3aNEcryrd0nXohZMbVPMkcNYdbLjY1IUJAXWYAO6/RGJnKw==
